
Microsoft Visual Studio Solution File, Format Version 12.00
# Visual Studio Version 17
VisualStudioVersion = 17.3.32929.385
MinimumVisualStudioVersion = 10.0.40219.1
Project("{FAE04EC0-301F-11D3-BF4B-00C04F79EFBC}") = "BibliotecaWeb", "BibliotecaWeb\BibliotecaWeb.csproj", "{6E961FC1-121D-4CA7-8F9E-E840DFE140CB}"
EndProject
Global
	GlobalSection(SolutionConfigurationPlatforms) = preSolution
		Debug|Any CPU = Debug|Any CPU
		Release|Any CPU = Release|Any CPU
	EndGlobalSection
	GlobalSection(ProjectConfigurationPlatforms) = postSolution
		{6E961FC1-121D-4CA7-8F9E-E840DFE140CB}.Debug|Any CPU.ActiveCfg = Debug|Any CPU
		{6E961FC1-121D-4CA7-8F9E-E840DFE140CB}.Debug|Any CPU.Build.0 = Debug|Any CPU
		{6E961FC1-121D-4CA7-8F9E-E840DFE140CB}.Release|Any CPU.ActiveCfg = Release|Any CPU
		{6E961FC1-121D-4CA7-8F9E-E840DFE140CB}.Release|Any CPU.Build.0 = Release|Any CPU
	EndGlobalSection
	GlobalSection(SolutionProperties) = preSolution
		HideSolutionNode = FALSE
	EndGlobalSection
	GlobalSection(ExtensibilityGlobals) = postSolution
		SolutionGuid = {486C358A-8C31-4646-AE51-38EDB582C4DC}
	EndGlobalSection
EndGlobal
